
Microsoft Visual Studio Solution File, Format Version 12.00
# Visual Studio Version 16
VisualStudioVersion = 16.0.29709.97
MinimumVisualStudioVersion = 10.0.40219.1
Project("{9A19103F-16F7-4668-BE54-9A1E7A4F7556}") = "WebTeam6", "WebTeam6.csproj", "{0C21BD59-5A23-4E02-A020-4212358726AF}"
EndProject
Project("{FAE04EC0-301F-11D3-BF4B-00C04F79EFBC}") = "DataAcessLibrary", "..\DataAcessLibrary\DataAcessLibrary.csproj", "{D134AB23-9D87-41B6-82A7-4E7442FDCB35}"
EndProject
Global
	GlobalSection(SolutionConfigurationPlatforms) = preSolution
		Debug|Any CPU = Debug|Any CPU
		Release|Any CPU = Release|Any CPU
	EndGlobalSection
	GlobalSection(ProjectConfigurationPlatforms) = postSolution
		{0C21BD59-5A23-4E02-A020-4212358726AF}.Debug|Any CPU.ActiveCfg = Debug|Any CPU
		{0C21BD59-5A23-4E02-A020-4212358726AF}.Debug|Any CPU.Build.0 = Debug|Any CPU
		{0C21BD59-5A23-4E02-A020-4212358726AF}.Release|Any CPU.ActiveCfg = Release|Any CPU
		{0C21BD59-5A23-4E02-A020-4212358726AF}.Release|Any CPU.Build.0 = Release|Any CPU
		{D134AB23-9D87-41B6-82A7-4E7442FDCB35}.Debug|Any CPU.ActiveCfg = Debug|Any CPU
		{D134AB23-9D87-41B6-82A7-4E7442FDCB35}.Debug|Any CPU.Build.0 = Debug|Any CPU
		{D134AB23-9D87-41B6-82A7-4E7442FDCB35}.Release|Any CPU.ActiveCfg = Release|Any CPU
		{D134AB23-9D87-41B6-82A7-4E7442FDCB35}.Release|Any CPU.Build.0 = Release|Any CPU
	EndGlobalSection
	GlobalSection(SolutionProperties) = preSolution
		HideSolutionNode = FALSE
	EndGlobalSection
	GlobalSection(ExtensibilityGlobals) = postSolution
		SolutionGuid = {55E3C672-6BE0-4EDD-886E-74A605FD2B1E}
	EndGlobalSection
EndGlobal
