
Microsoft Visual Studio Solution File, Format Version 12.00
# Visual Studio Version 16
VisualStudioVersion = 16.0.29920.165
MinimumVisualStudioVersion = 10.0.40219.1
Project("{FAE04EC0-301F-11D3-BF4B-00C04F79EFBC}") = "WebTeam6", "WebTeam6.csproj", "{683FFD6A-0BF3-46D4-A902-8345B0674AF2}"
EndProject
Global
	GlobalSection(SolutionConfigurationPlatforms) = preSolution
		Debug|Any CPU = Debug|Any CPU
		Release|Any CPU = Release|Any CPU
	EndGlobalSection
	GlobalSection(ProjectConfigurationPlatforms) = postSolution
		{683FFD6A-0BF3-46D4-A902-8345B0674AF2}.Debug|Any CPU.ActiveCfg = Debug|Any CPU
		{683FFD6A-0BF3-46D4-A902-8345B0674AF2}.Debug|Any CPU.Build.0 = Debug|Any CPU
		{683FFD6A-0BF3-46D4-A902-8345B0674AF2}.Release|Any CPU.ActiveCfg = Release|Any CPU
		{683FFD6A-0BF3-46D4-A902-8345B0674AF2}.Release|Any CPU.Build.0 = Release|Any CPU
	EndGlobalSection
	GlobalSection(SolutionProperties) = preSolution
		HideSolutionNode = FALSE
	EndGlobalSection
	GlobalSection(ExtensibilityGlobals) = postSolution
		SolutionGuid = {A1B966D1-B7CC-4E0F-AE52-8F99AC2AE2B7}
	EndGlobalSection
EndGlobal
